// !$*UTF8*$!
{
	archiveVersion = 1;
	classes = {
	};
	objectVersion = 56;
	objects = {

/* Begin PBXBuildFile section */
		049884742AF12CA1007456AF /* iCloudSyncTestApp.swift in Sources */ = {isa = PBXBuildFile; fileRef = 049884732AF12CA1007456AF /* iCloudSyncTestApp.swift */; };
		049884762AF12CA1007456AF /* ContentView.swift in Sources */ = {isa = PBXBuildFile; fileRef = 049884752AF12CA1007456AF /* ContentView.swift */; };
		049884782AF12CA2007456AF /* Assets.xcassets in Resources */ = {isa = PBXBuildFile; fileRef = 049884772AF12CA2007456AF /* Assets.xcassets */; };
		0498847B2AF12CA2007456AF /* Preview Assets.xcassets in Resources */ = {isa = PBXBuildFile; fileRef = 0498847A2AF12CA2007456AF /* Preview Assets.xcassets */; };
		0498847D2AF12CA2007456AF /* CoreDataStore.swift in Sources */ = {isa = PBXBuildFile; fileRef = 0498847C2AF12CA2007456AF /* CoreDataStore.swift */; };
		049884802AF12CA2007456AF /* iCloudSyncTest.xcdatamodeld in Sources */ = {isa = PBXBuildFile; fileRef = 0498847E2AF12CA2007456AF /* iCloudSyncTest.xcdatamodeld */; };
		049884892AF12EEC007456AF /* PLEASE_CHANGE.swift in Sources */ = {isa = PBXBuildFile; fileRef = 049884882AF12EEC007456AF /* PLEASE_CHANGE.swift */; };
		049884912AF13025007456AF /* iCloudSyncTestWatchApp.swift in Sources */ = {isa = PBXBuildFile; fileRef = 049884902AF13025007456AF /* iCloudSyncTestWatchApp.swift */; };
		049884952AF13026007456AF /* Assets.xcassets in Resources */ = {isa = PBXBuildFile; fileRef = 049884942AF13026007456AF /* Assets.xcassets */; };
		049884982AF13026007456AF /* Preview Assets.xcassets in Resources */ = {isa = PBXBuildFile; fileRef = 049884972AF13026007456AF /* Preview Assets.xcassets */; };
		0498849B2AF13026007456AF /* iCloudSyncTestWatch Watch App.app in Embed Watch Content */ = {isa = PBXBuildFile; fileRef = 0498848E2AF13025007456AF /* iCloudSyncTestWatch Watch App.app */; settings = {ATTRIBUTES = (RemoveHeadersOnCopy, ); }; };
		049884A22AF13067007456AF /* PLEASE_CHANGE.swift in Sources */ = {isa = PBXBuildFile; fileRef = 049884882AF12EEC007456AF /* PLEASE_CHANGE.swift */; };
		049884A32AF1309E007456AF /* CoreDataStore.swift in Sources */ = {isa = PBXBuildFile; fileRef = 0498847C2AF12CA2007456AF /* CoreDataStore.swift */; };
		049884A42AF130B2007456AF /* ContentView.swift in Sources */ = {isa = PBXBuildFile; fileRef = 049884752AF12CA1007456AF /* ContentView.swift */; };
		049884A62AF130F3007456AF /* iCloudSyncTest.xcdatamodeld in Sources */ = {isa = PBXBuildFile; fileRef = 0498847E2AF12CA2007456AF /* iCloudSyncTest.xcdatamodeld */; };
/* End PBXBuildFile section */

/* Begin PBXContainerItemProxy section */
		049884992AF13026007456AF /* PBXContainerItemProxy */ = {
			isa = PBXContainerItemProxy;
			containerPortal = 049884682AF12CA1007456AF /* Project object */;
			proxyType = 1;
			remoteGlobalIDString = 0498848D2AF13025007456AF;
			remoteInfo = "iCloudSyncTestWatch Watch App";
		};
/* End PBXContainerItemProxy section */

/* Begin PBXCopyFilesBuildPhase section */
		0498849F2AF13026007456AF /* Embed Watch Content */ = {
			isa = PBXCopyFilesBuildPhase;
			buildActionMask = 2147483647;
			dstPath = "$(CONTENTS_FOLDER_PATH)/Watch";
			dstSubfolderSpec = 16;
			files = (
				0498849B2AF13026007456AF /* iCloudSyncTestWatch Watch App.app in Embed Watch Content */,
			);
			name = "Embed Watch Content";
			runOnlyForDeploymentPostprocessing = 0;
		};
/* End PBXCopyFilesBuildPhase section */

/* Begin PBXFileReference section */
		049884702AF12CA1007456AF /* iCloudSyncTest.app */ = {isa = PBXFileReference; explicitFileType = wrapper.application; includeInIndex = 0; path = iCloudSyncTest.app; sourceTree = BUILT_PRODUCTS_DIR; };
		049884732AF12CA1007456AF /* iCloudSyncTestApp.swift */ = {isa = PBXFileReference; lastKnownFileType = sourcecode.swift; path = iCloudSyncTestApp.swift; sourceTree = "<group>"; };
		049884752AF12CA1007456AF /* ContentView.swift */ = {isa = PBXFileReference; lastKnownFileType = sourcecode.swift; path = ContentView.swift; sourceTree = "<group>"; };
		049884772AF12CA2007456AF /* Assets.xcassets */ = {isa = PBXFileReference; lastKnownFileType = folder.assetcatalog; path = Assets.xcassets; sourceTree = "<group>"; };
		0498847A2AF12CA2007456AF /* Preview Assets.xcassets */ = {isa = PBXFileReference; lastKnownFileType = folder.assetcatalog; path = "Preview Assets.xcassets"; sourceTree = "<group>"; };
		0498847C2AF12CA2007456AF /* CoreDataStore.swift */ = {isa = PBXFileReference; lastKnownFileType = sourcecode.swift; path = CoreDataStore.swift; sourceTree = "<group>"; };
		0498847F2AF12CA2007456AF /* iCloudSyncTest.xcdatamodel */ = {isa = PBXFileReference; lastKnownFileType = wrapper.xcdatamodel; path = iCloudSyncTest.xcdatamodel; sourceTree = "<group>"; };
		049884812AF12CA2007456AF /* iCloudSyncTest.entitlements */ = {isa = PBXFileReference; lastKnownFileType = text.plist.entitlements; path = iCloudSyncTest.entitlements; sourceTree = "<group>"; };
		049884822AF12CA2007456AF /* Info.plist */ = {isa = PBXFileReference; lastKnownFileType = text.plist.xml; path = Info.plist; sourceTree = "<group>"; };
		049884882AF12EEC007456AF /* PLEASE_CHANGE.swift */ = {isa = PBXFileReference; lastKnownFileType = sourcecode.swift; path = PLEASE_CHANGE.swift; sourceTree = "<group>"; };
		0498848E2AF13025007456AF /* iCloudSyncTestWatch Watch App.app */ = {isa = PBXFileReference; explicitFileType = wrapper.application; includeInIndex = 0; path = "iCloudSyncTestWatch Watch App.app"; sourceTree = BUILT_PRODUCTS_DIR; };
		049884902AF13025007456AF /* iCloudSyncTestWatchApp.swift */ = {isa = PBXFileReference; lastKnownFileType = sourcecode.swift; path = iCloudSyncTestWatchApp.swift; sourceTree = "<group>"; };
		049884942AF13026007456AF /* Assets.xcassets */ = {isa = PBXFileReference; lastKnownFileType = folder.assetcatalog; path = Assets.xcassets; sourceTree = "<group>"; };
		049884972AF13026007456AF /* Preview Assets.xcassets */ = {isa = PBXFileReference; lastKnownFileType = folder.assetcatalog; path = "Preview Assets.xcassets"; sourceTree = "<group>"; };
		049884A02AF13036007456AF /* iCloudSyncTestWatch-Watch-App-Info.plist */ = {isa = PBXFileReference; lastKnownFileType = text.plist; path = "iCloudSyncTestWatch-Watch-App-Info.plist"; sourceTree = SOURCE_ROOT; };
		049884A12AF1304B007456AF /* iCloudSyncTestWatch Watch App.entitlements */ = {isa = PBXFileReference; lastKnownFileType = text.plist.entitlements; path = "iCloudSyncTestWatch Watch App.entitlements"; sourceTree = "<group>"; };
/* End PBXFileReference section */

/* Begin PBXFrameworksBuildPhase section */
		0498846D2AF12CA1007456AF /* Frameworks */ = {
			isa = PBXFrameworksBuildPhase;
			buildActionMask = 2147483647;
			files = (
			);
			runOnlyForDeploymentPostprocessing = 0;
		};
		0498848B2AF13025007456AF /* Frameworks */ = {
			isa = PBXFrameworksBuildPhase;
			buildActionMask = 2147483647;
			files = (
			);
			runOnlyForDeploymentPostprocessing = 0;
		};
/* End PBXFrameworksBuildPhase section */

/* Begin PBXGroup section */
		049884672AF12CA1007456AF = {
			isa = PBXGroup;
			children = (
				049884882AF12EEC007456AF /* PLEASE_CHANGE.swift */,
				049884722AF12CA1007456AF /* iCloudSyncTest */,
				0498848F2AF13025007456AF /* iCloudSyncTestWatch Watch App */,
				049884712AF12CA1007456AF /* Products */,
			);
			sourceTree = "<group>";
		};
		049884712AF12CA1007456AF /* Products */ = {
			isa = PBXGroup;
			children = (
				049884702AF12CA1007456AF /* iCloudSyncTest.app */,
				0498848E2AF13025007456AF /* iCloudSyncTestWatch Watch App.app */,
			);
			name = Products;
			sourceTree = "<group>";
		};
		049884722AF12CA1007456AF /* iCloudSyncTest */ = {
			isa = PBXGroup;
			children = (
				049884732AF12CA1007456AF /* iCloudSyncTestApp.swift */,
				049884752AF12CA1007456AF /* ContentView.swift */,
				049884772AF12CA2007456AF /* Assets.xcassets */,
				0498847C2AF12CA2007456AF /* CoreDataStore.swift */,
				049884812AF12CA2007456AF /* iCloudSyncTest.entitlements */,
				049884822AF12CA2007456AF /* Info.plist */,
				0498847E2AF12CA2007456AF /* iCloudSyncTest.xcdatamodeld */,
				049884792AF12CA2007456AF /* Preview Content */,
			);
			path = iCloudSyncTest;
			sourceTree = "<group>";
		};
		049884792AF12CA2007456AF /* Preview Content */ = {
			isa = PBXGroup;
			children = (
				0498847A2AF12CA2007456AF /* Preview Assets.xcassets */,
			);
			path = "Preview Content";
			sourceTree = "<group>";
		};
		0498848F2AF13025007456AF /* iCloudSyncTestWatch Watch App */ = {
			isa = PBXGroup;
			children = (
				049884A12AF1304B007456AF /* iCloudSyncTestWatch Watch App.entitlements */,
				049884A02AF13036007456AF /* iCloudSyncTestWatch-Watch-App-Info.plist */,
				049884902AF13025007456AF /* iCloudSyncTestWatchApp.swift */,
				049884942AF13026007456AF /* Assets.xcassets */,
				049884962AF13026007456AF /* Preview Content */,
			);
			path = "iCloudSyncTestWatch Watch App";
			sourceTree = "<group>";
		};
		049884962AF13026007456AF /* Preview Content */ = {
			isa = PBXGroup;
			children = (
				049884972AF13026007456AF /* Preview Assets.xcassets */,
			);
			path = "Preview Content";
			sourceTree = "<group>";
		};
/* End PBXGroup section */

/* Begin PBXNativeTarget section */
		0498846F2AF12CA1007456AF /* iCloudSyncTest */ = {
			isa = PBXNativeTarget;
			buildConfigurationList = 049884852AF12CA2007456AF /* Build configuration list for PBXNativeTarget "iCloudSyncTest" */;
			buildPhases = (
				0498846C2AF12CA1007456AF /* Sources */,
				0498846D2AF12CA1007456AF /* Frameworks */,
				0498846E2AF12CA1007456AF /* Resources */,
				0498849F2AF13026007456AF /* Embed Watch Content */,
			);
			buildRules = (
			);
			dependencies = (
				0498849A2AF13026007456AF /* PBXTargetDependency */,
			);
			name = iCloudSyncTest;
			productName = iCloudSyncTest;
			productReference = 049884702AF12CA1007456AF /* iCloudSyncTest.app */;
			productType = "com.apple.product-type.application";
		};
		0498848D2AF13025007456AF /* iCloudSyncTestWatch Watch App */ = {
			isa = PBXNativeTarget;
			buildConfigurationList = 0498849C2AF13026007456AF /* Build configuration list for PBXNativeTarget "iCloudSyncTestWatch Watch App" */;
			buildPhases = (
				0498848A2AF13025007456AF /* Sources */,
				0498848B2AF13025007456AF /* Frameworks */,
				0498848C2AF13025007456AF /* Resources */,
			);
			buildRules = (
			);
			dependencies = (
			);
			name = "iCloudSyncTestWatch Watch App";
			productName = "iCloudSyncTestWatch Watch App";
			productReference = 0498848E2AF13025007456AF /* iCloudSyncTestWatch Watch App.app */;
			productType = "com.apple.product-type.application";
		};
/* End PBXNativeTarget section */

/* Begin PBXProject section */
		049884682AF12CA1007456AF /* Project object */ = {
			isa = PBXProject;
			attributes = {
				BuildIndependentTargetsInParallel = 1;
				LastSwiftUpdateCheck = 1500;
				LastUpgradeCheck = 1500;
				TargetAttributes = {
					0498846F2AF12CA1007456AF = {
						CreatedOnToolsVersion = 15.0;
					};
					0498848D2AF13025007456AF = {
						CreatedOnToolsVersion = 15.0;
					};
				};
			};
			buildConfigurationList = 0498846B2AF12CA1007456AF /* Build configuration list for PBXProject "iCloudSyncTest" */;
			compatibilityVersion = "Xcode 14.0";
			developmentRegion = en;
			hasScannedForEncodings = 0;
			knownRegions = (
				en,
				Base,
			);
			mainGroup = 049884672AF12CA1007456AF;
			productRefGroup = 049884712AF12CA1007456AF /* Products */;
			projectDirPath = "";
			projectRoot = "";
			targets = (
				0498846F2AF12CA1007456AF /* iCloudSyncTest */,
				0498848D2AF13025007456AF /* iCloudSyncTestWatch Watch App */,
			);
		};
/* End PBXProject section */

/* Begin PBXResourcesBuildPhase section */
		0498846E2AF12CA1007456AF /* Resources */ = {
			isa = PBXResourcesBuildPhase;
			buildActionMask = 2147483647;
			files = (
				0498847B2AF12CA2007456AF /* Preview Assets.xcassets in Resources */,
				049884782AF12CA2007456AF /* Assets.xcassets in Resources */,
			);
			runOnlyForDeploymentPostprocessing = 0;
		};
		0498848C2AF13025007456AF /* Resources */ = {
			isa = PBXResourcesBuildPhase;
			buildActionMask = 2147483647;
			files = (
				049884982AF13026007456AF /* Preview Assets.xcassets in Resources */,
				049884952AF13026007456AF /* Assets.xcassets in Resources */,
			);
			runOnlyForDeploymentPostprocessing = 0;
		};
/* End PBXResourcesBuildPhase section */

/* Begin PBXSourcesBuildPhase section */
		0498846C2AF12CA1007456AF /* Sources */ = {
			isa = PBXSourcesBuildPhase;
			buildActionMask = 2147483647;
			files = (
				049884802AF12CA2007456AF /* iCloudSyncTest.xcdatamodeld in Sources */,
				0498847D2AF12CA2007456AF /* CoreDataStore.swift in Sources */,
				049884892AF12EEC007456AF /* PLEASE_CHANGE.swift in Sources */,
				049884762AF12CA1007456AF /* ContentView.swift in Sources */,
				049884742AF12CA1007456AF /* iCloudSyncTestApp.swift in Sources */,
			);
			runOnlyForDeploymentPostprocessing = 0;
		};
		0498848A2AF13025007456AF /* Sources */ = {
			isa = PBXSourcesBuildPhase;
			buildActionMask = 2147483647;
			files = (
				049884A42AF130B2007456AF /* ContentView.swift in Sources */,
				049884A22AF13067007456AF /* PLEASE_CHANGE.swift in Sources */,
				049884A32AF1309E007456AF /* CoreDataStore.swift in Sources */,
				049884A62AF130F3007456AF /* iCloudSyncTest.xcdatamodeld in Sources */,
				049884912AF13025007456AF /* iCloudSyncTestWatchApp.swift in Sources */,
			);
			runOnlyForDeploymentPostprocessing = 0;
		};
/* End PBXSourcesBuildPhase section */

/* Begin PBXTargetDependency section */
		0498849A2AF13026007456AF /* PBXTargetDependency */ = {
			isa = PBXTargetDependency;
			target = 0498848D2AF13025007456AF /* iCloudSyncTestWatch Watch App */;
			targetProxy = 049884992AF13026007456AF /* PBXContainerItemProxy */;
		};
/* End PBXTargetDependency section */

/* Begin XCBuildConfiguration section */
		049884832AF12CA2007456AF /* Debug */ = {
			isa = XCBuildConfiguration;
			buildSettings = {
				ALWAYS_SEARCH_USER_PATHS = NO;
				ASSETCATALOG_COMPILER_GENERATE_SWIFT_ASSET_SYMBOL_EXTENSIONS = YES;
				CLANG_ANALYZER_NONNULL = YES;
				CLANG_ANALYZER_NUMBER_OBJECT_CONVERSION = YES_AGGRESSIVE;
				CLANG_CXX_LANGUAGE_STANDARD = "gnu++20";
				CLANG_ENABLE_MODULES = YES;
				CLANG_ENABLE_OBJC_ARC = YES;
				CLANG_ENABLE_OBJC_WEAK = YES;
				CLANG_WARN_BLOCK_CAPTURE_AUTORELEASING = YES;
				CLANG_WARN_BOOL_CONVERSION = YES;
				CLANG_WARN_COMMA = YES;
				CLANG_WARN_CONSTANT_CONVERSION = YES;
				CLANG_WARN_DEPRECATED_OBJC_IMPLEMENTATIONS = YES;
				CLANG_WARN_DIRECT_OBJC_ISA_USAGE = YES_ERROR;
				CLANG_WARN_DOCUMENTATION_COMMENTS = YES;
				CLANG_WARN_EMPTY_BODY = YES;
				CLANG_WARN_ENUM_CONVERSION = YES;
				CLANG_WARN_INFINITE_RECURSION = YES;
				CLANG_WARN_INT_CONVERSION = YES;
				CLANG_WARN_NON_LITERAL_NULL_CONVERSION = YES;
				CLANG_WARN_OBJC_IMPLICIT_RETAIN_SELF = YES;
				CLANG_WARN_OBJC_LITERAL_CONVERSION = YES;
				CLANG_WARN_OBJC_ROOT_CLASS = YES_ERROR;
				CLANG_WARN_QUOTED_INCLUDE_IN_FRAMEWORK_HEADER = YES;
				CLANG_WARN_RANGE_LOOP_ANALYSIS = YES;
				CLANG_WARN_STRICT_PROTOTYPES = YES;
				CLANG_WARN_SUSPICIOUS_MOVE = YES;
				CLANG_WARN_UNGUARDED_AVAILABILITY = YES_AGGRESSIVE;
				CLANG_WARN_UNREACHABLE_CODE = YES;
				CLANG_WARN__DUPLICATE_METHOD_MATCH = YES;
				COPY_PHASE_STRIP = NO;
				DEBUG_INFORMATION_FORMAT = dwarf;
				ENABLE_STRICT_OBJC_MSGSEND = YES;
				ENABLE_TESTABILITY = YES;
				ENABLE_USER_SCRIPT_SANDBOXING = YES;
				GCC_C_LANGUAGE_STANDARD = gnu17;
				GCC_DYNAMIC_NO_PIC = NO;
				GCC_NO_COMMON_BLOCKS = YES;
				GCC_OPTIMIZATION_LEVEL = 0;
				GCC_PREPROCESSOR_DEFINITIONS = (
					"DEBUG=1",
					"$(inherited)",
				);
				GCC_WARN_64_TO_32_BIT_CONVERSION = YES;
				GCC_WARN_ABOUT_RETURN_TYPE = YES_ERROR;
				GCC_WARN_UNDECLARED_SELECTOR = YES;
				GCC_WARN_UNINITIALIZED_AUTOS = YES_AGGRESSIVE;
				GCC_WARN_UNUSED_FUNCTION = YES;
				GCC_WARN_UNUSED_VARIABLE = YES;
				IPHONEOS_DEPLOYMENT_TARGET = 17.0;
				LOCALIZATION_PREFERS_STRING_CATALOGS = YES;
				MTL_ENABLE_DEBUG_INFO = INCLUDE_SOURCE;
				MTL_FAST_MATH = YES;
				ONLY_ACTIVE_ARCH = YES;
				SDKROOT = iphoneos;
				SWIFT_ACTIVE_COMPILATION_CONDITIONS = "DEBUG $(inherited)";
				SWIFT_OPTIMIZATION_LEVEL = "-Onone";
			};
			name = Debug;
		};
		049884842AF12CA2007456AF /* Release */ = {
			isa = XCBuildConfiguration;
			buildSettings = {
				ALWAYS_SEARCH_USER_PATHS = NO;
				ASSETCATALOG_COMPILER_GENERATE_SWIFT_ASSET_SYMBOL_EXTENSIONS = YES;
				CLANG_ANALYZER_NONNULL = YES;
				CLANG_ANALYZER_NUMBER_OBJECT_CONVERSION = YES_AGGRESSIVE;
				CLANG_CXX_LANGUAGE_STANDARD = "gnu++20";
				CLANG_ENABLE_MODULES = YES;
				CLANG_ENABLE_OBJC_ARC = YES;
				CLANG_ENABLE_OBJC_WEAK = YES;
				CLANG_WARN_BLOCK_CAPTURE_AUTORELEASING = YES;
				CLANG_WARN_BOOL_CONVERSION = YES;
				CLANG_WARN_COMMA = YES;
				CLANG_WARN_CONSTANT_CONVERSION = YES;
				CLANG_WARN_DEPRECATED_OBJC_IMPLEMENTATIONS = YES;
				CLANG_WARN_DIRECT_OBJC_ISA_USAGE = YES_ERROR;
				CLANG_WARN_DOCUMENTATION_COMMENTS = YES;
				CLANG_WARN_EMPTY_BODY = YES;
				CLANG_WARN_ENUM_CONVERSION = YES;
				CLANG_WARN_INFINITE_RECURSION = YES;
				CLANG_WARN_INT_CONVERSION = YES;
				CLANG_WARN_NON_LITERAL_NULL_CONVERSION = YES;
				CLANG_WARN_OBJC_IMPLICIT_RETAIN_SELF = YES;
				CLANG_WARN_OBJC_LITERAL_CONVERSION = YES;
				CLANG_WARN_OBJC_ROOT_CLASS = YES_ERROR;
				CLANG_WARN_QUOTED_INCLUDE_IN_FRAMEWORK_HEADER = YES;
				CLANG_WARN_RANGE_LOOP_ANALYSIS = YES;
				CLANG_WARN_STRICT_PROTOTYPES = YES;
				CLANG_WARN_SUSPICIOUS_MOVE = YES;
				CLANG_WARN_UNGUARDED_AVAILABILITY = YES_AGGRESSIVE;
				CLANG_WARN_UNREACHABLE_CODE = YES;
				CLANG_WARN__DUPLICATE_METHOD_MATCH = YES;
				COPY_PHASE_STRIP = NO;
				DEBUG_INFORMATION_FORMAT = "dwarf-with-dsym";
				ENABLE_NS_ASSERTIONS = NO;
				ENABLE_STRICT_OBJC_MSGSEND = YES;
				ENABLE_USER_SCRIPT_SANDBOXING = YES;
				GCC_C_LANGUAGE_STANDARD = gnu17;
				GCC_NO_COMMON_BLOCKS = YES;
				GCC_WARN_64_TO_32_BIT_CONVERSION = YES;
				GCC_WARN_ABOUT_RETURN_TYPE = YES_ERROR;
				GCC_WARN_UNDECLARED_SELECTOR = YES;
				GCC_WARN_UNINITIALIZED_AUTOS = YES_AGGRESSIVE;
				GCC_WARN_UNUSED_FUNCTION = YES;
				GCC_WARN_UNUSED_VARIABLE = YES;
				IPHONEOS_DEPLOYMENT_TARGET = 17.0;
				LOCALIZATION_PREFERS_STRING_CATALOGS = YES;
				MTL_ENABLE_DEBUG_INFO = NO;
				MTL_FAST_MATH = YES;
				SDKROOT = iphoneos;
				SWIFT_COMPILATION_MODE = wholemodule;
				VALIDATE_PRODUCT = YES;
			};
			name = Release;
		};
		049884862AF12CA2007456AF /* Debug */ = {
			isa = XCBuildConfiguration;
			buildSettings = {
				ALWAYS_EMBED_SWIFT_STANDARD_LIBRARIES = YES;
				ASSETCATALOG_COMPILER_APPICON_NAME = AppIcon;
				ASSETCATALOG_COMPILER_GLOBAL_ACCENT_COLOR_NAME = AccentColor;
				CODE_SIGN_ENTITLEMENTS = iCloudSyncTest/iCloudSyncTest.entitlements;
				CODE_SIGN_STYLE = Automatic;
				CURRENT_PROJECT_VERSION = 1;
				DEVELOPMENT_ASSET_PATHS = "\"iCloudSyncTest/Preview Content\"";
				DEVELOPMENT_TEAM = R247K7BZAZ;
				ENABLE_PREVIEWS = YES;
				GENERATE_INFOPLIST_FILE = YES;
				INFOPLIST_FILE = iCloudSyncTest/Info.plist;
				INFOPLIST_KEY_UIApplicationSceneManifest_Generation = YES;
				INFOPLIST_KEY_UIApplicationSupportsIndirectInputEvents = YES;
				INFOPLIST_KEY_UILaunchScreen_Generation = YES;
				INFOPLIST_KEY_UISupportedInterfaceOrientations_iPad = "UIInterfaceOrientationPortrait UIInterfaceOrientationPortraitUpsideDown UIInterfaceOrientationLandscapeLeft UIInterfaceOrientationLandscapeRight";
				INFOPLIST_KEY_UISupportedInterfaceOrientations_iPhone = "UIInterfaceOrientationPortrait UIInterfaceOrientationLandscapeLeft UIInterfaceOrientationLandscapeRight";
				LD_RUNPATH_SEARCH_PATHS = (
					"$(inherited)",
					"@executable_path/Frameworks",
				);
				MARKETING_VERSION = 1.0;
				PRODUCT_BUNDLE_IDENTIFIER = com.zz.iCloudSyncTest;
				PRODUCT_NAME = "$(TARGET_NAME)";
				SWIFT_EMIT_LOC_STRINGS = YES;
				SWIFT_VERSION = 5.0;
				TARGETED_DEVICE_FAMILY = "1,2";
			};
			name = Debug;
		};
		049884872AF12CA2007456AF /* Release */ = {
			isa = XCBuildConfiguration;
			buildSettings = {
				ALWAYS_EMBED_SWIFT_STANDARD_LIBRARIES = YES;
				ASSETCATALOG_COMPILER_APPICON_NAME = AppIcon;
				ASSETCATALOG_COMPILER_GLOBAL_ACCENT_COLOR_NAME = AccentColor;
				CODE_SIGN_ENTITLEMENTS = iCloudSyncTest/iCloudSyncTest.entitlements;
				CODE_SIGN_STYLE = Automatic;
				CURRENT_PROJECT_VERSION = 1;
				DEVELOPMENT_ASSET_PATHS = "\"iCloudSyncTest/Preview Content\"";
				DEVELOPMENT_TEAM = R247K7BZAZ;
				ENABLE_PREVIEWS = YES;
				GENERATE_INFOPLIST_FILE = YES;
				INFOPLIST_FILE = iCloudSyncTest/Info.plist;
				INFOPLIST_KEY_UIApplicationSceneManifest_Generation = YES;
				INFOPLIST_KEY_UIApplicationSupportsIndirectInputEvents = YES;
				INFOPLIST_KEY_UILaunchScreen_Generation = YES;
				INFOPLIST_KEY_UISupportedInterfaceOrientations_iPad = "UIInterfaceOrientationPortrait UIInterfaceOrientationPortraitUpsideDown UIInterfaceOrientationLandscapeLeft UIInterfaceOrientationLandscapeRight";
				INFOPLIST_KEY_UISupportedInterfaceOrientations_iPhone = "UIInterfaceOrientationPortrait UIInterfaceOrientationLandscapeLeft UIInterfaceOrientationLandscapeRight";
				LD_RUNPATH_SEARCH_PATHS = (
					"$(inherited)",
					"@executable_path/Frameworks",
				);
				MARKETING_VERSION = 1.0;
				PRODUCT_BUNDLE_IDENTIFIER = com.zz.iCloudSyncTest;
				PRODUCT_NAME = "$(TARGET_NAME)";
				SWIFT_EMIT_LOC_STRINGS = YES;
				SWIFT_VERSION = 5.0;
				TARGETED_DEVICE_FAMILY = "1,2";
			};
			name = Release;
		};
		0498849D2AF13026007456AF /* Debug */ = {
			isa = XCBuildConfiguration;
			buildSettings = {
				ASSETCATALOG_COMPILER_APPICON_NAME = AppIcon;
				ASSETCATALOG_COMPILER_GLOBAL_ACCENT_COLOR_NAME = AccentColor;
				CODE_SIGN_ENTITLEMENTS = "iCloudSyncTestWatch Watch App/iCloudSyncTestWatch Watch App.entitlements";
				CODE_SIGN_STYLE = Automatic;
				CURRENT_PROJECT_VERSION = 1;
				DEVELOPMENT_ASSET_PATHS = "\"iCloudSyncTestWatch Watch App/Preview Content\"";
				DEVELOPMENT_TEAM = R247K7BZAZ;
				ENABLE_PREVIEWS = YES;
				GENERATE_INFOPLIST_FILE = YES;
				INFOPLIST_FILE = "iCloudSyncTestWatch-Watch-App-Info.plist";
				INFOPLIST_KEY_CFBundleDisplayName = iCloudSyncTestWatch;
				INFOPLIST_KEY_UISupportedInterfaceOrientations = "UIInterfaceOrientationPortrait UIInterfaceOrientationPortraitUpsideDown";
				INFOPLIST_KEY_WKCompanionAppBundleIdentifier = com.zz.iCloudSyncTest;
				LD_RUNPATH_SEARCH_PATHS = (
					"$(inherited)",
					"@executable_path/Frameworks",
				);
				MARKETING_VERSION = 1.0;
				PRODUCT_BUNDLE_IDENTIFIER = com.zz.iCloudSyncTest.watchkitapp;
				PRODUCT_NAME = "$(TARGET_NAME)";
				SDKROOT = watchos;
				SKIP_INSTALL = YES;
				SWIFT_EMIT_LOC_STRINGS = YES;
				SWIFT_VERSION = 5.0;
				TARGETED_DEVICE_FAMILY = 4;
				WATCHOS_DEPLOYMENT_TARGET = 10.0;
			};
			name = Debug;
		};
		0498849E2AF13026007456AF /* Release */ = {
			isa = XCBuildConfiguration;
			buildSettings = {
				ASSETCATALOG_COMPILER_APPICON_NAME = AppIcon;
				ASSETCATALOG_COMPILER_GLOBAL_ACCENT_COLOR_NAME = AccentColor;
				CODE_SIGN_ENTITLEMENTS = "iCloudSyncTestWatch Watch App/iCloudSyncTestWatch Watch App.entitlements";
				CODE_SIGN_STYLE = Automatic;
				CURRENT_PROJECT_VERSION = 1;
				DEVELOPMENT_ASSET_PATHS = "\"iCloudSyncTestWatch Watch App/Preview Content\"";
				DEVELOPMENT_TEAM = R247K7BZAZ;
				ENABLE_PREVIEWS = YES;
				GENERATE_INFOPLIST_FILE = YES;
				INFOPLIST_FILE = "iCloudSyncTestWatch-Watch-App-Info.plist";
				INFOPLIST_KEY_CFBundleDisplayName = iCloudSyncTestWatch;
				INFOPLIST_KEY_UISupportedInterfaceOrientations = "UIInterfaceOrientationPortrait UIInterfaceOrientationPortraitUpsideDown";
				INFOPLIST_KEY_WKCompanionAppBundleIdentifier = com.zz.iCloudSyncTest;
				LD_RUNPATH_SEARCH_PATHS = (
					"$(inherited)",
					"@executable_path/Frameworks",
				);
				MARKETING_VERSION = 1.0;
				PRODUCT_BUNDLE_IDENTIFIER = com.zz.iCloudSyncTest.watchkitapp;
				PRODUCT_NAME = "$(TARGET_NAME)";
				SDKROOT = watchos;
				SKIP_INSTALL = YES;
				SWIFT_EMIT_LOC_STRINGS = YES;
				SWIFT_VERSION = 5.0;
				TARGETED_DEVICE_FAMILY = 4;
				WATCHOS_DEPLOYMENT_TARGET = 10.0;
			};
			name = Release;
		};
/* End XCBuildConfiguration section */

/* Begin XCConfigurationList section */
		0498846B2AF12CA1007456AF /* Build configuration list for PBXProject "iCloudSyncTest" */ = {
			isa = XCConfigurationList;
			buildConfigurations = (
				049884832AF12CA2007456AF /* Debug */,
				049884842AF12CA2007456AF /* Release */,
			);
			defaultConfigurationIsVisible = 0;
			defaultConfigurationName = Release;
		};
		049884852AF12CA2007456AF /* Build configuration list for PBXNativeTarget "iCloudSyncTest" */ = {
			isa = XCConfigurationList;
			buildConfigurations = (
				049884862AF12CA2007456AF /* Debug */,
				049884872AF12CA2007456AF /* Release */,
			);
			defaultConfigurationIsVisible = 0;
			defaultConfigurationName = Release;
		};
		0498849C2AF13026007456AF /* Build configuration list for PBXNativeTarget "iCloudSyncTestWatch Watch App" */ = {
			isa = XCConfigurationList;
			buildConfigurations = (
				0498849D2AF13026007456AF /* Debug */,
				0498849E2AF13026007456AF /* Release */,
			);
			defaultConfigurationIsVisible = 0;
			defaultConfigurationName = Release;
		};
/* End XCConfigurationList section */

/* Begin XCVersionGroup section */
		0498847E2AF12CA2007456AF /* iCloudSyncTest.xcdatamodeld */ = {
			isa = XCVersionGroup;
			children = (
				0498847F2AF12CA2007456AF /* iCloudSyncTest.xcdatamodel */,
			);
			currentVersion = 0498847F2AF12CA2007456AF /* iCloudSyncTest.xcdatamodel */;
			path = iCloudSyncTest.xcdatamodeld;
			sourceTree = "<group>";
			versionGroupType = wrapper.xcdatamodel;
		};
/* End XCVersionGroup section */
	};
	rootObject = 049884682AF12CA1007456AF /* Project object */;
}
